
Microsoft Visual Studio Solution File, Format Version 12.00
# Visual Studio 15
VisualStudioVersion = 15.0.28307.572
MinimumVisualStudioVersion = 10.0.40219.1
Project("{FAE04EC0-301F-11D3-BF4B-00C04F79EFBC}") = "Colorful.DemoApp", "Colorful.DemoApp\Colorful.DemoApp\Colorful.DemoApp.csproj", "{FD627DEF-DA2B-4B89-9379-948191737828}"
EndProject
Project("{FAE04EC0-301F-11D3-BF4B-00C04F79EFBC}") = "Colorful.DemoApp.Android", "Colorful.DemoApp\Colorful.DemoApp.Android\Colorful.DemoApp.Android.csproj", "{58AC467A-0121-4B9A-80AF-68F80E6A6F33}"
EndProject
Project("{FAE04EC0-301F-11D3-BF4B-00C04F79EFBC}") = "Colorful.DemoApp.iOS", "Colorful.DemoApp\Colorful.DemoApp.iOS\Colorful.DemoApp.iOS.csproj", "{AD99EA5A-FDCF-4EB7-A401-A2169F791326}"
EndProject
Project("{FAE04EC0-301F-11D3-BF4B-00C04F79EFBC}") = "Colorful.DemoApp.UWP", "Colorful.DemoApp\Colorful.DemoApp.UWP\Colorful.DemoApp.UWP.csproj", "{A5FB2C9E-B299-4771-8069-9D1497212BE9}"
EndProject
Global
	GlobalSection(SolutionConfigurationPlatforms) = preSolution
		Ad-Hoc|Any CPU = Ad-Hoc|Any CPU
		Ad-Hoc|ARM = Ad-Hoc|ARM
		Ad-Hoc|iPhone = Ad-Hoc|iPhone
		Ad-Hoc|iPhoneSimulator = Ad-Hoc|iPhoneSimulator
		Ad-Hoc|x64 = Ad-Hoc|x64
		Ad-Hoc|x86 = Ad-Hoc|x86
		AppStore|Any CPU = AppStore|Any CPU
		AppStore|ARM = AppStore|ARM
		AppStore|iPhone = AppStore|iPhone
		AppStore|iPhoneSimulator = AppStore|iPhoneSimulator
		AppStore|x64 = AppStore|x64
		AppStore|x86 = AppStore|x86
		Debug|Any CPU = Debug|Any CPU
		Debug|ARM = Debug|ARM
		Debug|iPhone = Debug|iPhone
		Debug|iPhoneSimulator = Debug|iPhoneSimulator
		Debug|x64 = Debug|x64
		Debug|x86 = Debug|x86
		Release|Any CPU = Release|Any CPU
		Release|ARM = Release|ARM
		Release|iPhone = Release|iPhone
		Release|iPhoneSimulator = Release|iPhoneSimulator
		Release|x64 = Release|x64
		Release|x86 = Release|x86
	EndGlobalSection
	GlobalSection(ProjectConfigurationPlatforms) = postSolution
		{FD627DEF-DA2B-4B89-9379-948191737828}.Ad-Hoc|Any CPU.ActiveCfg = Debug|Any CPU
		{FD627DEF-DA2B-4B89-9379-948191737828}.Ad-Hoc|Any CPU.Build.0 = Debug|Any CPU
		{FD627DEF-DA2B-4B89-9379-948191737828}.Ad-Hoc|ARM.ActiveCfg = Debug|Any CPU
		{FD627DEF-DA2B-4B89-9379-948191737828}.Ad-Hoc|ARM.Build.0 = Debug|Any CPU
		{FD627DEF-DA2B-4B89-9379-948191737828}.Ad-Hoc|iPhone.ActiveCfg = Debug|Any CPU
		{FD627DEF-DA2B-4B89-9379-948191737828}.Ad-Hoc|iPhone.Build.0 = Debug|Any CPU
		{FD627DEF-DA2B-4B89-9379-948191737828}.Ad-Hoc|iPhoneSimulator.ActiveCfg = Debug|Any CPU
		{FD627DEF-DA2B-4B89-9379-948191737828}.Ad-Hoc|iPhoneSimulator.Build.0 = Debug|Any CPU
		{FD627DEF-DA2B-4B89-9379-948191737828}.Ad-Hoc|x64.ActiveCfg = Debug|Any CPU
		{FD627DEF-DA2B-4B89-9379-948191737828}.Ad-Hoc|x64.Build.0 = Debug|Any CPU
		{FD627DEF-DA2B-4B89-9379-948191737828}.Ad-Hoc|x86.ActiveCfg = Debug|Any CPU
		{FD627DEF-DA2B-4B89-9379-948191737828}.Ad-Hoc|x86.Build.0 = Debug|Any CPU
		{FD627DEF-DA2B-4B89-9379-948191737828}.AppStore|Any CPU.ActiveCfg = Debug|Any CPU
		{FD627DEF-DA2B-4B89-9379-948191737828}.AppStore|Any CPU.Build.0 = Debug|Any CPU
		{FD627DEF-DA2B-4B89-9379-948191737828}.AppStore|ARM.ActiveCfg = Debug|Any CPU
		{FD627DEF-DA2B-4B89-9379-948191737828}.AppStore|ARM.Build.0 = Debug|Any CPU
		{FD627DEF-DA2B-4B89-9379-948191737828}.AppStore|iPhone.ActiveCfg = Debug|Any CPU
		{FD627DEF-DA2B-4B89-9379-948191737828}.AppStore|iPhone.Build.0 = Debug|Any CPU
		{FD627DEF-DA2B-4B89-9379-948191737828}.AppStore|iPhoneSimulator.ActiveCfg = Debug|Any CPU
		{FD627DEF-DA2B-4B89-9379-948191737828}.AppStore|iPhoneSimulator.Build.0 = Debug|Any CPU
		{FD627DEF-DA2B-4B89-9379-948191737828}.AppStore|x64.ActiveCfg = Debug|Any CPU
		{FD627DEF-DA2B-4B89-9379-948191737828}.AppStore|x64.Build.0 = Debug|Any CPU
		{FD627DEF-DA2B-4B89-9379-948191737828}.AppStore|x86.ActiveCfg = Debug|Any CPU
		{FD627DEF-DA2B-4B89-9379-948191737828}.AppStore|x86.Build.0 = Debug|Any CPU
		{FD627DEF-DA2B-4B89-9379-948191737828}.Debug|Any CPU.ActiveCfg = Debug|Any CPU
		{FD627DEF-DA2B-4B89-9379-948191737828}.Debug|Any CPU.Build.0 = Debug|Any CPU
		{FD627DEF-DA2B-4B89-9379-948191737828}.Debug|ARM.ActiveCfg = Debug|Any CPU
		{FD627DEF-DA2B-4B89-9379-948191737828}.Debug|ARM.Build.0 = Debug|Any CPU
		{FD627DEF-DA2B-4B89-9379-948191737828}.Debug|iPhone.ActiveCfg = Debug|Any CPU
		{FD627DEF-DA2B-4B89-9379-948191737828}.Debug|iPhone.Build.0 = Debug|Any CPU
		{FD627DEF-DA2B-4B89-9379-948191737828}.Debug|iPhoneSimulator.ActiveCfg = Debug|Any CPU
		{FD627DEF-DA2B-4B89-9379-948191737828}.Debug|iPhoneSimulator.Build.0 = Debug|Any CPU
		{FD627DEF-DA2B-4B89-9379-948191737828}.Debug|x64.ActiveCfg = Debug|Any CPU
		{FD627DEF-DA2B-4B89-9379-948191737828}.Debug|x64.Build.0 = Debug|Any CPU
		{FD627DEF-DA2B-4B89-9379-948191737828}.Debug|x86.ActiveCfg = Debug|Any CPU
		{FD627DEF-DA2B-4B89-9379-948191737828}.Debug|x86.Build.0 = Debug|Any CPU
		{FD627DEF-DA2B-4B89-9379-948191737828}.Release|Any CPU.ActiveCfg = Release|Any CPU
		{FD627DEF-DA2B-4B89-9379-948191737828}.Release|Any CPU.Build.0 = Release|Any CPU
		{FD627DEF-DA2B-4B89-9379-948191737828}.Release|ARM.ActiveCfg = Release|Any CPU
		{FD627DEF-DA2B-4B89-9379-948191737828}.Release|ARM.Build.0 = Release|Any CPU
		{FD627DEF-DA2B-4B89-9379-948191737828}.Release|iPhone.ActiveCfg = Release|Any CPU
		{FD627DEF-DA2B-4B89-9379-948191737828}.Release|iPhone.Build.0 = Release|Any CPU
		{FD627DEF-DA2B-4B89-9379-948191737828}.Release|iPhoneSimulator.ActiveCfg = Release|Any CPU
		{FD627DEF-DA2B-4B89-9379-948191737828}.Release|iPhoneSimulator.Build.0 = Release|Any CPU
		{FD627DEF-DA2B-4B89-9379-948191737828}.Release|x64.ActiveCfg = Release|Any CPU
		{FD627DEF-DA2B-4B89-9379-948191737828}.Release|x64.Build.0 = Release|Any CPU
		{FD627DEF-DA2B-4B89-9379-948191737828}.Release|x86.ActiveCfg = Release|Any CPU
		{FD627DEF-DA2B-4B89-9379-948191737828}.Release|x86.Build.0 = Release|Any CPU
		{58AC467A-0121-4B9A-80AF-68F80E6A6F33}.Ad-Hoc|Any CPU.ActiveCfg = Release|Any CPU
		{58AC467A-0121-4B9A-80AF-68F80E6A6F33}.Ad-Hoc|Any CPU.Build.0 = Release|Any CPU
		{58AC467A-0121-4B9A-80AF-68F80E6A6F33}.Ad-Hoc|Any CPU.Deploy.0 = Release|Any CPU
		{58AC467A-0121-4B9A-80AF-68F80E6A6F33}.Ad-Hoc|ARM.ActiveCfg = Release|Any CPU
		{58AC467A-0121-4B9A-80AF-68F80E6A6F33}.Ad-Hoc|ARM.Build.0 = Release|Any CPU
		{58AC467A-0121-4B9A-80AF-68F80E6A6F33}.Ad-Hoc|ARM.Deploy.0 = Release|Any CPU
		{58AC467A-0121-4B9A-80AF-68F80E6A6F33}.Ad-Hoc|iPhone.ActiveCfg = Release|Any CPU
		{58AC467A-0121-4B9A-80AF-68F80E6A6F33}.Ad-Hoc|iPhone.Build.0 = Release|Any CPU
		{58AC467A-0121-4B9A-80AF-68F80E6A6F33}.Ad-Hoc|iPhone.Deploy.0 = Release|Any CPU
		{58AC467A-0121-4B9A-80AF-68F80E6A6F33}.Ad-Hoc|iPhoneSimulator.ActiveCfg = Release|Any CPU
		{58AC467A-0121-4B9A-80AF-68F80E6A6F33}.Ad-Hoc|iPhoneSimulator.Build.0 = Release|Any CPU
		{58AC467A-0121-4B9A-80AF-68F80E6A6F33}.Ad-Hoc|iPhoneSimulator.Deploy.0 = Release|Any CPU
		{58AC467A-0121-4B9A-80AF-68F80E6A6F33}.Ad-Hoc|x64.ActiveCfg = Release|Any CPU
		{58AC467A-0121-4B9A-80AF-68F80E6A6F33}.Ad-Hoc|x64.Build.0 = Release|Any CPU
		{58AC467A-0121-4B9A-80AF-68F80E6A6F33}.Ad-Hoc|x64.Deploy.0 = Release|Any CPU
		{58AC467A-0121-4B9A-80AF-68F80E6A6F33}.Ad-Hoc|x86.ActiveCfg = Release|Any CPU
		{58AC467A-0121-4B9A-80AF-68F80E6A6F33}.Ad-Hoc|x86.Build.0 = Release|Any CPU
		{58AC467A-0121-4B9A-80AF-68F80E6A6F33}.Ad-Hoc|x86.Deploy.0 = Release|Any CPU
		{58AC467A-0121-4B9A-80AF-68F80E6A6F33}.AppStore|Any CPU.ActiveCfg = Release|Any CPU
		{58AC467A-0121-4B9A-80AF-68F80E6A6F33}.AppStore|Any CPU.Build.0 = Release|Any CPU
		{58AC467A-0121-4B9A-80AF-68F80E6A6F33}.AppStore|Any CPU.Deploy.0 = Release|Any CPU
		{58AC467A-0121-4B9A-80AF-68F80E6A6F33}.AppStore|ARM.ActiveCfg = Release|Any CPU
		{58AC467A-0121-4B9A-80AF-68F80E6A6F33}.AppStore|ARM.Build.0 = Release|Any CPU
		{58AC467A-0121-4B9A-80AF-68F80E6A6F33}.AppStore|ARM.Deploy.0 = Release|Any CPU
		{58AC467A-0121-4B9A-80AF-68F80E6A6F33}.AppStore|iPhone.ActiveCfg = Release|Any CPU
		{58AC467A-0121-4B9A-80AF-68F80E6A6F33}.AppStore|iPhone.Build.0 = Release|Any CPU
		{58AC467A-0121-4B9A-80AF-68F80E6A6F33}.AppStore|iPhone.Deploy.0 = Release|Any CPU
		{58AC467A-0121-4B9A-80AF-68F80E6A6F33}.AppStore|iPhoneSimulator.ActiveCfg = Release|Any CPU
		{58AC467A-0121-4B9A-80AF-68F80E6A6F33}.AppStore|iPhoneSimulator.Build.0 = Release|Any CPU
		{58AC467A-0121-4B9A-80AF-68F80E6A6F33}.AppStore|iPhoneSimulator.Deploy.0 = Release|Any CPU
		{58AC467A-0121-4B9A-80AF-68F80E6A6F33}.AppStore|x64.ActiveCfg = Release|Any CPU
		{58AC467A-0121-4B9A-80AF-68F80E6A6F33}.AppStore|x64.Build.0 = Release|Any CPU
		{58AC467A-0121-4B9A-80AF-68F80E6A6F33}.AppStore|x64.Deploy.0 = Release|Any CPU
		{58AC467A-0121-4B9A-80AF-68F80E6A6F33}.AppStore|x86.ActiveCfg = Release|Any CPU
		{58AC467A-0121-4B9A-80AF-68F80E6A6F33}.AppStore|x86.Build.0 = Release|Any CPU
		{58AC467A-0121-4B9A-80AF-68F80E6A6F33}.AppStore|x86.Deploy.0 = Release|Any CPU
		{58AC467A-0121-4B9A-80AF-68F80E6A6F33}.Debug|Any CPU.ActiveCfg = Debug|Any CPU
		{58AC467A-0121-4B9A-80AF-68F80E6A6F33}.Debug|Any CPU.Build.0 = Debug|Any CPU
		{58AC467A-0121-4B9A-80AF-68F80E6A6F33}.Debug|Any CPU.Deploy.0 = Debug|Any CPU
		{58AC467A-0121-4B9A-80AF-68F80E6A6F33}.Debug|ARM.ActiveCfg = Debug|Any CPU
		{58AC467A-0121-4B9A-80AF-68F80E6A6F33}.Debug|ARM.Build.0 = Debug|Any CPU
		{58AC467A-0121-4B9A-80AF-68F80E6A6F33}.Debug|ARM.Deploy.0 = Debug|Any CPU
		{58AC467A-0121-4B9A-80AF-68F80E6A6F33}.Debug|iPhone.ActiveCfg = Debug|Any CPU
		{58AC467A-0121-4B9A-80AF-68F80E6A6F33}.Debug|iPhone.Build.0 = Debug|Any CPU
		{58AC467A-0121-4B9A-80AF-68F80E6A6F33}.Debug|iPhone.Deploy.0 = Debug|Any CPU
		{58AC467A-0121-4B9A-80AF-68F80E6A6F33}.Debug|iPhoneSimulator.ActiveCfg = Debug|Any CPU
		{58AC467A-0121-4B9A-80AF-68F80E6A6F33}.Debug|iPhoneSimulator.Build.0 = Debug|Any CPU
		{58AC467A-0121-4B9A-80AF-68F80E6A6F33}.Debug|iPhoneSimulator.Deploy.0 = Debug|Any CPU
		{58AC467A-0121-4B9A-80AF-68F80E6A6F33}.Debug|x64.ActiveCfg = Debug|Any CPU
		{58AC467A-0121-4B9A-80AF-68F80E6A6F33}.Debug|x64.Build.0 = Debug|Any CPU
		{58AC467A-0121-4B9A-80AF-68F80E6A6F33}.Debug|x64.Deploy.0 = Debug|Any CPU
		{58AC467A-0121-4B9A-80AF-68F80E6A6F33}.Debug|x86.ActiveCfg = Debug|Any CPU
		{58AC467A-0121-4B9A-80AF-68F80E6A6F33}.Debug|x86.Build.0 = Debug|Any CPU
		{58AC467A-0121-4B9A-80AF-68F80E6A6F33}.Debug|x86.Deploy.0 = Debug|Any CPU
		{58AC467A-0121-4B9A-80AF-68F80E6A6F33}.Release|Any CPU.ActiveCfg = Release|Any CPU
		{58AC467A-0121-4B9A-80AF-68F80E6A6F33}.Release|Any CPU.Build.0 = Release|Any CPU
		{58AC467A-0121-4B9A-80AF-68F80E6A6F33}.Release|Any CPU.Deploy.0 = Release|Any CPU
		{58AC467A-0121-4B9A-80AF-68F80E6A6F33}.Release|ARM.ActiveCfg = Release|Any CPU
		{58AC467A-0121-4B9A-80AF-68F80E6A6F33}.Release|ARM.Build.0 = Release|Any CPU
		{58AC467A-0121-4B9A-80AF-68F80E6A6F33}.Release|ARM.Deploy.0 = Release|Any CPU
		{58AC467A-0121-4B9A-80AF-68F80E6A6F33}.Release|iPhone.ActiveCfg = Release|Any CPU
		{58AC467A-0121-4B9A-80AF-68F80E6A6F33}.Release|iPhone.Build.0 = Release|Any CPU
		{58AC467A-0121-4B9A-80AF-68F80E6A6F33}.Release|iPhone.Deploy.0 = Release|Any CPU
		{58AC467A-0121-4B9A-80AF-68F80E6A6F33}.Release|iPhoneSimulator.ActiveCfg = Release|Any CPU
		{58AC467A-0121-4B9A-80AF-68F80E6A6F33}.Release|iPhoneSimulator.Build.0 = Release|Any CPU
		{58AC467A-0121-4B9A-80AF-68F80E6A6F33}.Release|iPhoneSimulator.Deploy.0 = Release|Any CPU
		{58AC467A-0121-4B9A-80AF-68F80E6A6F33}.Release|x64.ActiveCfg = Release|Any CPU
		{58AC467A-0121-4B9A-80AF-68F80E6A6F33}.Release|x64.Build.0 = Release|Any CPU
		{58AC467A-0121-4B9A-80AF-68F80E6A6F33}.Release|x64.Deploy.0 = Release|Any CPU
		{58AC467A-0121-4B9A-80AF-68F80E6A6F33}.Release|x86.ActiveCfg = Release|Any CPU
		{58AC467A-0121-4B9A-80AF-68F80E6A6F33}.Release|x86.Build.0 = Release|Any CPU
		{58AC467A-0121-4B9A-80AF-68F80E6A6F33}.Release|x86.Deploy.0 = Release|Any CPU
		{AD99EA5A-FDCF-4EB7-A401-A2169F791326}.Ad-Hoc|Any CPU.ActiveCfg = Ad-Hoc|iPhone
		{AD99EA5A-FDCF-4EB7-A401-A2169F791326}.Ad-Hoc|ARM.ActiveCfg = Ad-Hoc|iPhone
		{AD99EA5A-FDCF-4EB7-A401-A2169F791326}.Ad-Hoc|iPhone.ActiveCfg = Ad-Hoc|iPhone
		{AD99EA5A-FDCF-4EB7-A401-A2169F791326}.Ad-Hoc|iPhone.Build.0 = Ad-Hoc|iPhone
		{AD99EA5A-FDCF-4EB7-A401-A2169F791326}.Ad-Hoc|iPhoneSimulator.ActiveCfg = Ad-Hoc|iPhoneSimulator
		{AD99EA5A-FDCF-4EB7-A401-A2169F791326}.Ad-Hoc|iPhoneSimulator.Build.0 = Ad-Hoc|iPhoneSimulator
		{AD99EA5A-FDCF-4EB7-A401-A2169F791326}.Ad-Hoc|x64.ActiveCfg = Ad-Hoc|iPhone
		{AD99EA5A-FDCF-4EB7-A401-A2169F791326}.Ad-Hoc|x86.ActiveCfg = Ad-Hoc|iPhone
		{AD99EA5A-FDCF-4EB7-A401-A2169F791326}.AppStore|Any CPU.ActiveCfg = AppStore|iPhone
		{AD99EA5A-FDCF-4EB7-A401-A2169F791326}.AppStore|ARM.ActiveCfg = AppStore|iPhone
		{AD99EA5A-FDCF-4EB7-A401-A2169F791326}.AppStore|iPhone.ActiveCfg = AppStore|iPhone
		{AD99EA5A-FDCF-4EB7-A401-A2169F791326}.AppStore|iPhone.Build.0 = AppStore|iPhone
		{AD99EA5A-FDCF-4EB7-A401-A2169F791326}.AppStore|iPhoneSimulator.ActiveCfg = AppStore|iPhoneSimulator
		{AD99EA5A-FDCF-4EB7-A401-A2169F791326}.AppStore|iPhoneSimulator.Build.0 = AppStore|iPhoneSimulator
		{AD99EA5A-FDCF-4EB7-A401-A2169F791326}.AppStore|x64.ActiveCfg = AppStore|iPhone
		{AD99EA5A-FDCF-4EB7-A401-A2169F791326}.AppStore|x86.ActiveCfg = AppStore|iPhone
		{AD99EA5A-FDCF-4EB7-A401-A2169F791326}.Debug|Any CPU.ActiveCfg = Debug|iPhone
		{AD99EA5A-FDCF-4EB7-A401-A2169F791326}.Debug|ARM.ActiveCfg = Debug|iPhone
		{AD99EA5A-FDCF-4EB7-A401-A2169F791326}.Debug|iPhone.ActiveCfg = Debug|iPhone
		{AD99EA5A-FDCF-4EB7-A401-A2169F791326}.Debug|iPhone.Build.0 = Debug|iPhone
		{AD99EA5A-FDCF-4EB7-A401-A2169F791326}.Debug|iPhoneSimulator.ActiveCfg = Debug|iPhoneSimulator
		{AD99EA5A-FDCF-4EB7-A401-A2169F791326}.Debug|iPhoneSimulator.Build.0 = Debug|iPhoneSimulator
		{AD99EA5A-FDCF-4EB7-A401-A2169F791326}.Debug|x64.ActiveCfg = Debug|iPhone
		{AD99EA5A-FDCF-4EB7-A401-A2169F791326}.Debug|x86.ActiveCfg = Debug|iPhone
		{AD99EA5A-FDCF-4EB7-A401-A2169F791326}.Release|Any CPU.ActiveCfg = Release|iPhone
		{AD99EA5A-FDCF-4EB7-A401-A2169F791326}.Release|ARM.ActiveCfg = Release|iPhone
		{AD99EA5A-FDCF-4EB7-A401-A2169F791326}.Release|iPhone.ActiveCfg = Release|iPhone
		{AD99EA5A-FDCF-4EB7-A401-A2169F791326}.Release|iPhone.Build.0 = Release|iPhone
		{AD99EA5A-FDCF-4EB7-A401-A2169F791326}.Release|iPhoneSimulator.ActiveCfg = Release|iPhoneSimulator
		{AD99EA5A-FDCF-4EB7-A401-A2169F791326}.Release|iPhoneSimulator.Build.0 = Release|iPhoneSimulator
		{AD99EA5A-FDCF-4EB7-A401-A2169F791326}.Release|x64.ActiveCfg = Release|iPhone
		{AD99EA5A-FDCF-4EB7-A401-A2169F791326}.Release|x86.ActiveCfg = Release|iPhone
		{A5FB2C9E-B299-4771-8069-9D1497212BE9}.Ad-Hoc|Any CPU.ActiveCfg = Release|x86
		{A5FB2C9E-B299-4771-8069-9D1497212BE9}.Ad-Hoc|Any CPU.Build.0 = Release|x86
		{A5FB2C9E-B299-4771-8069-9D1497212BE9}.Ad-Hoc|Any CPU.Deploy.0 = Release|x86
		{A5FB2C9E-B299-4771-8069-9D1497212BE9}.Ad-Hoc|ARM.ActiveCfg = Release|ARM
		{A5FB2C9E-B299-4771-8069-9D1497212BE9}.Ad-Hoc|ARM.Build.0 = Release|ARM
		{A5FB2C9E-B299-4771-8069-9D1497212BE9}.Ad-Hoc|ARM.Deploy.0 = Release|ARM
		{A5FB2C9E-B299-4771-8069-9D1497212BE9}.Ad-Hoc|iPhone.ActiveCfg = Release|x86
		{A5FB2C9E-B299-4771-8069-9D1497212BE9}.Ad-Hoc|iPhone.Build.0 = Release|x86
		{A5FB2C9E-B299-4771-8069-9D1497212BE9}.Ad-Hoc|iPhone.Deploy.0 = Release|x86
		{A5FB2C9E-B299-4771-8069-9D1497212BE9}.Ad-Hoc|iPhoneSimulator.ActiveCfg = Release|x86
		{A5FB2C9E-B299-4771-8069-9D1497212BE9}.Ad-Hoc|iPhoneSimulator.Build.0 = Release|x86
		{A5FB2C9E-B299-4771-8069-9D1497212BE9}.Ad-Hoc|iPhoneSimulator.Deploy.0 = Release|x86
		{A5FB2C9E-B299-4771-8069-9D1497212BE9}.Ad-Hoc|x64.ActiveCfg = Release|x64
		{A5FB2C9E-B299-4771-8069-9D1497212BE9}.Ad-Hoc|x64.Build.0 = Release|x64
		{A5FB2C9E-B299-4771-8069-9D1497212BE9}.Ad-Hoc|x64.Deploy.0 = Release|x64
		{A5FB2C9E-B299-4771-8069-9D1497212BE9}.Ad-Hoc|x86.ActiveCfg = Release|x86
		{A5FB2C9E-B299-4771-8069-9D1497212BE9}.Ad-Hoc|x86.Build.0 = Release|x86
		{A5FB2C9E-B299-4771-8069-9D1497212BE9}.Ad-Hoc|x86.Deploy.0 = Release|x86
		{A5FB2C9E-B299-4771-8069-9D1497212BE9}.AppStore|Any CPU.ActiveCfg = Release|x86
		{A5FB2C9E-B299-4771-8069-9D1497212BE9}.AppStore|Any CPU.Build.0 = Release|x86
		{A5FB2C9E-B299-4771-8069-9D1497212BE9}.AppStore|Any CPU.Deploy.0 = Release|x86
		{A5FB2C9E-B299-4771-8069-9D1497212BE9}.AppStore|ARM.ActiveCfg = Release|ARM
		{A5FB2C9E-B299-4771-8069-9D1497212BE9}.AppStore|ARM.Build.0 = Release|ARM
		{A5FB2C9E-B299-4771-8069-9D1497212BE9}.AppStore|ARM.Deploy.0 = Release|ARM
		{A5FB2C9E-B299-4771-8069-9D1497212BE9}.AppStore|iPhone.ActiveCfg = Release|x86
		{A5FB2C9E-B299-4771-8069-9D1497212BE9}.AppStore|iPhone.Build.0 = Release|x86
		{A5FB2C9E-B299-4771-8069-9D1497212BE9}.AppStore|iPhone.Deploy.0 = Release|x86
		{A5FB2C9E-B299-4771-8069-9D1497212BE9}.AppStore|iPhoneSimulator.ActiveCfg = Release|x86
		{A5FB2C9E-B299-4771-8069-9D1497212BE9}.AppStore|iPhoneSimulator.Build.0 = Release|x86
		{A5FB2C9E-B299-4771-8069-9D1497212BE9}.AppStore|iPhoneSimulator.Deploy.0 = Release|x86
		{A5FB2C9E-B299-4771-8069-9D1497212BE9}.AppStore|x64.ActiveCfg = Release|x64
		{A5FB2C9E-B299-4771-8069-9D1497212BE9}.AppStore|x64.Build.0 = Release|x64
		{A5FB2C9E-B299-4771-8069-9D1497212BE9}.AppStore|x64.Deploy.0 = Release|x64
		{A5FB2C9E-B299-4771-8069-9D1497212BE9}.AppStore|x86.ActiveCfg = Release|x86
		{A5FB2C9E-B299-4771-8069-9D1497212BE9}.AppStore|x86.Build.0 = Release|x86
		{A5FB2C9E-B299-4771-8069-9D1497212BE9}.AppStore|x86.Deploy.0 = Release|x86
		{A5FB2C9E-B299-4771-8069-9D1497212BE9}.Debug|Any CPU.ActiveCfg = Debug|x86
		{A5FB2C9E-B299-4771-8069-9D1497212BE9}.Debug|ARM.ActiveCfg = Debug|ARM
		{A5FB2C9E-B299-4771-8069-9D1497212BE9}.Debug|ARM.Build.0 = Debug|ARM
		{A5FB2C9E-B299-4771-8069-9D1497212BE9}.Debug|ARM.Deploy.0 = Debug|ARM
		{A5FB2C9E-B299-4771-8069-9D1497212BE9}.Debug|iPhone.ActiveCfg = Debug|x86
		{A5FB2C9E-B299-4771-8069-9D1497212BE9}.Debug|iPhoneSimulator.ActiveCfg = Debug|x86
		{A5FB2C9E-B299-4771-8069-9D1497212BE9}.Debug|x64.ActiveCfg = Debug|x64
		{A5FB2C9E-B299-4771-8069-9D1497212BE9}.Debug|x64.Build.0 = Debug|x64
		{A5FB2C9E-B299-4771-8069-9D1497212BE9}.Debug|x64.Deploy.0 = Debug|x64
		{A5FB2C9E-B299-4771-8069-9D1497212BE9}.Debug|x86.ActiveCfg = Debug|x86
		{A5FB2C9E-B299-4771-8069-9D1497212BE9}.Debug|x86.Build.0 = Debug|x86
		{A5FB2C9E-B299-4771-8069-9D1497212BE9}.Debug|x86.Deploy.0 = Debug|x86
		{A5FB2C9E-B299-4771-8069-9D1497212BE9}.Release|Any CPU.ActiveCfg = Release|x86
		{A5FB2C9E-B299-4771-8069-9D1497212BE9}.Release|ARM.ActiveCfg = Release|ARM
		{A5FB2C9E-B299-4771-8069-9D1497212BE9}.Release|ARM.Build.0 = Release|ARM
		{A5FB2C9E-B299-4771-8069-9D1497212BE9}.Release|ARM.Deploy.0 = Release|ARM
		{A5FB2C9E-B299-4771-8069-9D1497212BE9}.Release|iPhone.ActiveCfg = Release|x86
		{A5FB2C9E-B299-4771-8069-9D1497212BE9}.Release|iPhoneSimulator.ActiveCfg = Release|x86
		{A5FB2C9E-B299-4771-8069-9D1497212BE9}.Release|x64.ActiveCfg = Release|x64
		{A5FB2C9E-B299-4771-8069-9D1497212BE9}.Release|x64.Build.0 = Release|x64
		{A5FB2C9E-B299-4771-8069-9D1497212BE9}.Release|x64.Deploy.0 = Release|x64
		{A5FB2C9E-B299-4771-8069-9D1497212BE9}.Release|x86.ActiveCfg = Release|x86
		{A5FB2C9E-B299-4771-8069-9D1497212BE9}.Release|x86.Build.0 = Release|x86
		{A5FB2C9E-B299-4771-8069-9D1497212BE9}.Release|x86.Deploy.0 = Release|x86
	EndGlobalSection
	GlobalSection(SolutionProperties) = preSolution
		HideSolutionNode = FALSE
	EndGlobalSection
	GlobalSection(ExtensibilityGlobals) = postSolution
		SolutionGuid = {4D5D6A55-978A-4BE2-B696-8079E48B7EAF}
	EndGlobalSection
EndGlobal
